
Microsoft Visual Studio Solution File, Format Version 12.00
# Visual Studio Version 16
VisualStudioVersion = 16.0.29215.179
MinimumVisualStudioVersion = 10.0.40219.1
Project("{9A19103F-16F7-4668-BE54-9A1E7A4F7556}") = "DatingApp.API", "DatingApp.API.csproj", "{62E7C1E1-9F43-486C-AE9F-B0550CCC225C}"
EndProject
Global
	GlobalSection(SolutionConfigurationPlatforms) = preSolution
		Debug|Any CPU = Debug|Any CPU
		Release|Any CPU = Release|Any CPU
	EndGlobalSection
	GlobalSection(ProjectConfigurationPlatforms) = postSolution
		{62E7C1E1-9F43-486C-AE9F-B0550CCC225C}.Debug|Any CPU.ActiveCfg = Debug|Any CPU
		{62E7C1E1-9F43-486C-AE9F-B0550CCC225C}.Debug|Any CPU.Build.0 = Debug|Any CPU
		{62E7C1E1-9F43-486C-AE9F-B0550CCC225C}.Release|Any CPU.ActiveCfg = Release|Any CPU
		{62E7C1E1-9F43-486C-AE9F-B0550CCC225C}.Release|Any CPU.Build.0 = Release|Any CPU
	EndGlobalSection
	GlobalSection(SolutionProperties) = preSolution
		HideSolutionNode = FALSE
	EndGlobalSection
	GlobalSection(ExtensibilityGlobals) = postSolution
		SolutionGuid = {A9469891-10EF-428B-87DF-2C94F704F2DB}
	EndGlobalSection
EndGlobal
